{
  "name": "rhynoev",
  "version": "1.0.0",
  "lockfileVersion": 2,
  "requires": true,
  "dependencies": {
    "react": {
      "version": "18.2.0",
      "resolved": "https://registry.npmjs.org/react/-/react-18.2.0.tgz",
      "integrity": "sha512-...",
      "engines": {
        "node": ">= 14.0.0"
      }
    },
    "react-dom": {
      "version": "18.2.0",
      "resolved": "https://registry.npmjs.org/react-dom/-/react-dom-18.2.0.tgz",
      "integrity": "sha512-...",
      "engines": {
        "node": ">= 14.0.0"
      }
    },
    "react-router-dom": {
      "version": "6.6.1",
      "resolved": "https://registry.npmjs.org/react-router-dom/-/react-router-dom-6.6.1.tgz",
      "integrity": "sha512-...",
      "engines": {
        "node": ">= 14.0.0"
      }
    },
    "react-scripts": {
      "version": "5.0.1",
      "resolved": "https://registry.npmjs.org/react-scripts/-/react-scripts-5.0.1.tgz",
      "integrity": "sha512-...",
      "engines": {
        "node": ">= 14.0.0"
      }
    }
  }
}
